
Microsoft Visual Studio Solution File, Format Version 12.00
# Visual Studio Version 17
VisualStudioVersion = 17.10.35122.118
MinimumVisualStudioVersion = 10.0.40219.1
Project("{9A19103F-16F7-4668-BE54-9A1E7A4F7556}") = "MaciejKloda_140054", "MaciejKloda_140054\MaciejKloda_140054.csproj", "{1641F2F6-4DA2-49C0-9530-217B86F978E2}"
EndProject
Project("{FAE04EC0-301F-11D3-BF4B-00C04F79EFBC}") = "List3", "List3\List3.csproj", "{9BDF15A5-0CD1-465A-8B30-A3C938E34A0C}"
EndProject
Project("{00D1A9C2-B5F0-4AF3-8072-F6C62B433612}") = "CarRentalDatabase", "CarRentalDatabase\CarRentalDatabase.sqlproj", "{91F0F4DE-7642-4D4E-9AEE-34CC21EEE771}"
EndProject
Project("{FAE04EC0-301F-11D3-BF4B-00C04F79EFBC}") = "CarRentalAPI", "CarRentalAPI\CarRentalAPI.csproj", "{3D1304EE-D1E5-451D-883A-263CF83BC851}"
EndProject
Global
	GlobalSection(SolutionConfigurationPlatforms) = preSolution
		Debug|Any CPU = Debug|Any CPU
		Release|Any CPU = Release|Any CPU
	EndGlobalSection
	GlobalSection(ProjectConfigurationPlatforms) = postSolution
		{1641F2F6-4DA2-49C0-9530-217B86F978E2}.Debug|Any CPU.ActiveCfg = Debug|Any CPU
		{1641F2F6-4DA2-49C0-9530-217B86F978E2}.Debug|Any CPU.Build.0 = Debug|Any CPU
		{1641F2F6-4DA2-49C0-9530-217B86F978E2}.Release|Any CPU.ActiveCfg = Release|Any CPU
		{1641F2F6-4DA2-49C0-9530-217B86F978E2}.Release|Any CPU.Build.0 = Release|Any CPU
		{9BDF15A5-0CD1-465A-8B30-A3C938E34A0C}.Debug|Any CPU.ActiveCfg = Debug|Any CPU
		{9BDF15A5-0CD1-465A-8B30-A3C938E34A0C}.Debug|Any CPU.Build.0 = Debug|Any CPU
		{9BDF15A5-0CD1-465A-8B30-A3C938E34A0C}.Release|Any CPU.ActiveCfg = Release|Any CPU
		{9BDF15A5-0CD1-465A-8B30-A3C938E34A0C}.Release|Any CPU.Build.0 = Release|Any CPU
		{91F0F4DE-7642-4D4E-9AEE-34CC21EEE771}.Debug|Any CPU.ActiveCfg = Debug|Any CPU
		{91F0F4DE-7642-4D4E-9AEE-34CC21EEE771}.Debug|Any CPU.Build.0 = Debug|Any CPU
		{91F0F4DE-7642-4D4E-9AEE-34CC21EEE771}.Debug|Any CPU.Deploy.0 = Debug|Any CPU
		{91F0F4DE-7642-4D4E-9AEE-34CC21EEE771}.Release|Any CPU.ActiveCfg = Release|Any CPU
		{91F0F4DE-7642-4D4E-9AEE-34CC21EEE771}.Release|Any CPU.Build.0 = Release|Any CPU
		{91F0F4DE-7642-4D4E-9AEE-34CC21EEE771}.Release|Any CPU.Deploy.0 = Release|Any CPU
		{3D1304EE-D1E5-451D-883A-263CF83BC851}.Debug|Any CPU.ActiveCfg = Debug|Any CPU
		{3D1304EE-D1E5-451D-883A-263CF83BC851}.Debug|Any CPU.Build.0 = Debug|Any CPU
		{3D1304EE-D1E5-451D-883A-263CF83BC851}.Release|Any CPU.ActiveCfg = Release|Any CPU
		{3D1304EE-D1E5-451D-883A-263CF83BC851}.Release|Any CPU.Build.0 = Release|Any CPU
	EndGlobalSection
	GlobalSection(SolutionProperties) = preSolution
		HideSolutionNode = FALSE
	EndGlobalSection
	GlobalSection(ExtensibilityGlobals) = postSolution
		SolutionGuid = {122BB58B-9E67-496D-A287-8BBBE2F38314}
	EndGlobalSection
EndGlobal
